
Microsoft Visual Studio Solution File, Format Version 12.00
# Visual Studio Version 16
VisualStudioVersion = 16.0.31402.337
MinimumVisualStudioVersion = 10.0.40219.1
Project("{FAE04EC0-301F-11D3-BF4B-00C04F79EFBC}") = "Basic_Calculator", "Basic_Calculator\Basic_Calculator.csproj", "{9B796DAD-7601-4F72-8F2D-55926889DF7D}"
EndProject
Global
	GlobalSection(SolutionConfigurationPlatforms) = preSolution
		Debug|Any CPU = Debug|Any CPU
		Release|Any CPU = Release|Any CPU
	EndGlobalSection
	GlobalSection(ProjectConfigurationPlatforms) = postSolution
		{9B796DAD-7601-4F72-8F2D-55926889DF7D}.Debug|Any CPU.ActiveCfg = Debug|Any CPU
		{9B796DAD-7601-4F72-8F2D-55926889DF7D}.Debug|Any CPU.Build.0 = Debug|Any CPU
		{9B796DAD-7601-4F72-8F2D-55926889DF7D}.Release|Any CPU.ActiveCfg = Release|Any CPU
		{9B796DAD-7601-4F72-8F2D-55926889DF7D}.Release|Any CPU.Build.0 = Release|Any CPU
	EndGlobalSection
	GlobalSection(SolutionProperties) = preSolution
		HideSolutionNode = FALSE
	EndGlobalSection
	GlobalSection(ExtensibilityGlobals) = postSolution
		SolutionGuid = {2AFF915D-3422-4783-A3E3-E23F1ABE39C5}
	EndGlobalSection
EndGlobal
