
Microsoft Visual Studio Solution File, Format Version 12.00
# Visual Studio Version 16
VisualStudioVersion = 16.0.31402.337
MinimumVisualStudioVersion = 10.0.40219.1
Project("{FAE04EC0-301F-11D3-BF4B-00C04F79EFBC}") = "The Tickets Form", "The Tickets Form\The Tickets Form.csproj", "{97F7D4EF-9D75-473F-9196-1977C361FA9F}"
EndProject
Global
	GlobalSection(SolutionConfigurationPlatforms) = preSolution
		Debug|Any CPU = Debug|Any CPU
		Release|Any CPU = Release|Any CPU
	EndGlobalSection
	GlobalSection(ProjectConfigurationPlatforms) = postSolution
		{97F7D4EF-9D75-473F-9196-1977C361FA9F}.Debug|Any CPU.ActiveCfg = Debug|Any CPU
		{97F7D4EF-9D75-473F-9196-1977C361FA9F}.Debug|Any CPU.Build.0 = Debug|Any CPU
		{97F7D4EF-9D75-473F-9196-1977C361FA9F}.Release|Any CPU.ActiveCfg = Release|Any CPU
		{97F7D4EF-9D75-473F-9196-1977C361FA9F}.Release|Any CPU.Build.0 = Release|Any CPU
	EndGlobalSection
	GlobalSection(SolutionProperties) = preSolution
		HideSolutionNode = FALSE
	EndGlobalSection
	GlobalSection(ExtensibilityGlobals) = postSolution
		SolutionGuid = {466BE2E0-F408-49B7-91B3-3CC43EB9081B}
	EndGlobalSection
EndGlobal
